
Microsoft Visual Studio Solution File, Format Version 12.00
# Visual Studio Version 17
VisualStudioVersion = 17.5.33530.505
MinimumVisualStudioVersion = 10.0.40219.1
Project("{FAE04EC0-301F-11D3-BF4B-00C04F79EFBC}") = "MedicioTemplate", "MedicioTemplate\MedicioTemplate.csproj", "{15B5D8E4-407B-4763-A409-4EBCA6150F41}"
EndProject
Global
	GlobalSection(SolutionConfigurationPlatforms) = preSolution
		Debug|Any CPU = Debug|Any CPU
		Release|Any CPU = Release|Any CPU
	EndGlobalSection
	GlobalSection(ProjectConfigurationPlatforms) = postSolution
		{15B5D8E4-407B-4763-A409-4EBCA6150F41}.Debug|Any CPU.ActiveCfg = Debug|Any CPU
		{15B5D8E4-407B-4763-A409-4EBCA6150F41}.Debug|Any CPU.Build.0 = Debug|Any CPU
		{15B5D8E4-407B-4763-A409-4EBCA6150F41}.Release|Any CPU.ActiveCfg = Release|Any CPU
		{15B5D8E4-407B-4763-A409-4EBCA6150F41}.Release|Any CPU.Build.0 = Release|Any CPU
	EndGlobalSection
	GlobalSection(SolutionProperties) = preSolution
		HideSolutionNode = FALSE
	EndGlobalSection
	GlobalSection(ExtensibilityGlobals) = postSolution
		SolutionGuid = {334C82C7-372D-4B9A-B06A-2AD009A63A39}
	EndGlobalSection
EndGlobal
